
Microsoft Visual Studio Solution File, Format Version 12.00
# Visual Studio Version 16
VisualStudioVersion = 16.0.31005.135
MinimumVisualStudioVersion = 10.0.40219.1
Project("{FAE04EC0-301F-11D3-BF4B-00C04F79EFBC}") = "Eded ortasini tapan metod", "Eded ortasini tapan metod\Eded ortasini tapan metod.csproj", "{1F1E26D4-D9E6-4680-A154-DB7E0CF33883}"
EndProject
Global
	GlobalSection(SolutionConfigurationPlatforms) = preSolution
		Debug|Any CPU = Debug|Any CPU
		Release|Any CPU = Release|Any CPU
	EndGlobalSection
	GlobalSection(ProjectConfigurationPlatforms) = postSolution
		{1F1E26D4-D9E6-4680-A154-DB7E0CF33883}.Debug|Any CPU.ActiveCfg = Debug|Any CPU
		{1F1E26D4-D9E6-4680-A154-DB7E0CF33883}.Debug|Any CPU.Build.0 = Debug|Any CPU
		{1F1E26D4-D9E6-4680-A154-DB7E0CF33883}.Release|Any CPU.ActiveCfg = Release|Any CPU
		{1F1E26D4-D9E6-4680-A154-DB7E0CF33883}.Release|Any CPU.Build.0 = Release|Any CPU
	EndGlobalSection
	GlobalSection(SolutionProperties) = preSolution
		HideSolutionNode = FALSE
	EndGlobalSection
	GlobalSection(ExtensibilityGlobals) = postSolution
		SolutionGuid = {275BE6C2-E3C9-4E67-8FCE-FB7D866E9EAF}
	EndGlobalSection
EndGlobal
