
Microsoft Visual Studio Solution File, Format Version 12.00
# Visual Studio Version 16
VisualStudioVersion = 16.0.32228.343
MinimumVisualStudioVersion = 10.0.40219.1
Project("{FAE04EC0-301F-11D3-BF4B-00C04F79EFBC}") = "Fibonacci ededlerinin cemini tapmaq", "Fibonacci ededlerinin cemini tapmaq\Fibonacci ededlerinin cemini tapmaq.csproj", "{0427674E-8299-4D6A-8700-2B9AF3CA7F91}"
EndProject
Global
	GlobalSection(SolutionConfigurationPlatforms) = preSolution
		Debug|Any CPU = Debug|Any CPU
		Release|Any CPU = Release|Any CPU
	EndGlobalSection
	GlobalSection(ProjectConfigurationPlatforms) = postSolution
		{0427674E-8299-4D6A-8700-2B9AF3CA7F91}.Debug|Any CPU.ActiveCfg = Debug|Any CPU
		{0427674E-8299-4D6A-8700-2B9AF3CA7F91}.Debug|Any CPU.Build.0 = Debug|Any CPU
		{0427674E-8299-4D6A-8700-2B9AF3CA7F91}.Release|Any CPU.ActiveCfg = Release|Any CPU
		{0427674E-8299-4D6A-8700-2B9AF3CA7F91}.Release|Any CPU.Build.0 = Release|Any CPU
	EndGlobalSection
	GlobalSection(SolutionProperties) = preSolution
		HideSolutionNode = FALSE
	EndGlobalSection
	GlobalSection(ExtensibilityGlobals) = postSolution
		SolutionGuid = {E8B79374-3E24-4192-8B53-2528A955A58C}
	EndGlobalSection
EndGlobal
