
Microsoft Visual Studio Solution File, Format Version 12.00
# Visual Studio Version 16
VisualStudioVersion = 16.0.31005.135
MinimumVisualStudioVersion = 10.0.40219.1
Project("{FAE04EC0-301F-11D3-BF4B-00C04F79EFBC}") = "Ededin reqemlerinin cemi", "Ededin reqemlerinin cemi\Ededin reqemlerinin cemi.csproj", "{7AC30EBF-F559-4296-8948-901B8FA77803}"
EndProject
Global
	GlobalSection(SolutionConfigurationPlatforms) = preSolution
		Debug|Any CPU = Debug|Any CPU
		Release|Any CPU = Release|Any CPU
	EndGlobalSection
	GlobalSection(ProjectConfigurationPlatforms) = postSolution
		{7AC30EBF-F559-4296-8948-901B8FA77803}.Debug|Any CPU.ActiveCfg = Debug|Any CPU
		{7AC30EBF-F559-4296-8948-901B8FA77803}.Debug|Any CPU.Build.0 = Debug|Any CPU
		{7AC30EBF-F559-4296-8948-901B8FA77803}.Release|Any CPU.ActiveCfg = Release|Any CPU
		{7AC30EBF-F559-4296-8948-901B8FA77803}.Release|Any CPU.Build.0 = Release|Any CPU
	EndGlobalSection
	GlobalSection(SolutionProperties) = preSolution
		HideSolutionNode = FALSE
	EndGlobalSection
	GlobalSection(ExtensibilityGlobals) = postSolution
		SolutionGuid = {3655A451-B2CC-4095-A726-F2D3E9EDF262}
	EndGlobalSection
EndGlobal
